// !$*UTF8*$!
{
	archiveVersion = 1;
	classes = {
	};
	objectVersion = 46;
	objects = {

/* Begin PBXBuildFile section */
		258EAB18BAD3A628FBB95C88 /* Pods_FastGuess.framework in Frameworks */ = {isa = PBXBuildFile; fileRef = ECD97EB07E25F8CED44F70AF /* Pods_FastGuess.framework */; };
		6E09C1B79338C2C3EC501CE9 /* Pods_FastGuessUITests.framework in Frameworks */ = {isa = PBXBuildFile; fileRef = 44A5D3982C8A1F06F47696D6 /* Pods_FastGuessUITests.framework */; };
		B8822AC11BD3B64E0088A114 /* AppDelegate.swift in Sources */ = {isa = PBXBuildFile; fileRef = B8822AC01BD3B64E0088A114 /* AppDelegate.swift */; };
		B8822AC61BD3B64E0088A114 /* Main.storyboard in Resources */ = {isa = PBXBuildFile; fileRef = B8822AC41BD3B64E0088A114 /* Main.storyboard */; };
		B8822AC81BD3B64E0088A114 /* Assets.xcassets in Resources */ = {isa = PBXBuildFile; fileRef = B8822AC71BD3B64E0088A114 /* Assets.xcassets */; };
		B8822ACB1BD3B64E0088A114 /* LaunchScreen.storyboard in Resources */ = {isa = PBXBuildFile; fileRef = B8822AC91BD3B64E0088A114 /* LaunchScreen.storyboard */; };
		B8822AD61BD3B64E0088A114 /* FastGuessTests.swift in Sources */ = {isa = PBXBuildFile; fileRef = B8822AD51BD3B64E0088A114 /* FastGuessTests.swift */; };
		B8822AE11BD3B64E0088A114 /* FastGuessUITests.swift in Sources */ = {isa = PBXBuildFile; fileRef = B8822AE01BD3B64E0088A114 /* FastGuessUITests.swift */; };
		B88CD22E1BDFD85D00B01831 /* BaseNavigationController.swift in Sources */ = {isa = PBXBuildFile; fileRef = B88CD2241BDFD85D00B01831 /* BaseNavigationController.swift */; };
		B88CD22F1BDFD85D00B01831 /* HomeViewController.swift in Sources */ = {isa = PBXBuildFile; fileRef = B88CD2291BDFD85D00B01831 /* HomeViewController.swift */; };
		B88CD2301BDFD85D00B01831 /* MainViewController.swift in Sources */ = {isa = PBXBuildFile; fileRef = B88CD22A1BDFD85D00B01831 /* MainViewController.swift */; };
		B88CD2311BDFD85D00B01831 /* UserInfoManager.swift in Sources */ = {isa = PBXBuildFile; fileRef = B88CD22B1BDFD85D00B01831 /* UserInfoManager.swift */; };
		B88CD2351BDFD8D100B01831 /* BaseViewController.swift in Sources */ = {isa = PBXBuildFile; fileRef = B88CD2341BDFD8D100B01831 /* BaseViewController.swift */; };
		B8ABB32B1BDA9EE500393D8F /* Common.swift in Sources */ = {isa = PBXBuildFile; fileRef = B8ABB32A1BDA9EE500393D8F /* Common.swift */; };
		B8B524EB1BFCBE5100EA824D /* CircleScrollView.swift in Sources */ = {isa = PBXBuildFile; fileRef = B8B524EA1BFCBE5100EA824D /* CircleScrollView.swift */; };
		B8B524ED1BFCCBC600EA824D /* HomeTableView.swift in Sources */ = {isa = PBXBuildFile; fileRef = B8B524EC1BFCCBC600EA824D /* HomeTableView.swift */; };
		B8B524EF1BFCD94400EA824D /* HomeCell.swift in Sources */ = {isa = PBXBuildFile; fileRef = B8B524EE1BFCD94400EA824D /* HomeCell.swift */; };
		F6C58D36879E10B075567110 /* Pods_FastGuessTests.framework in Frameworks */ = {isa = PBXBuildFile; fileRef = 00B2A1E0C7330B0BBD2864A0 /* Pods_FastGuessTests.framework */; };
/* End PBXBuildFile section */

/* Begin PBXContainerItemProxy section */
		B8822AD21BD3B64E0088A114 /* PBXContainerItemProxy */ = {
			isa = PBXContainerItemProxy;
			containerPortal = B8822AB51BD3B64E0088A114 /* Project object */;
			proxyType = 1;
			remoteGlobalIDString = B8822ABC1BD3B64E0088A114;
			remoteInfo = FastGuess;
		};
		B8822ADD1BD3B64E0088A114 /* PBXContainerItemProxy */ = {
			isa = PBXContainerItemProxy;
			containerPortal = B8822AB51BD3B64E0088A114 /* Project object */;
			proxyType = 1;
			remoteGlobalIDString = B8822ABC1BD3B64E0088A114;
			remoteInfo = FastGuess;
		};
/* End PBXContainerItemProxy section */

/* Begin PBXFileReference section */
		00B2A1E0C7330B0BBD2864A0 /* Pods_FastGuessTests.framework */ = {isa = PBXFileReference; explicitFileType = wrapper.framework; includeInIndex = 0; path = Pods_FastGuessTests.framework; sourceTree = BUILT_PRODUCTS_DIR; };
		44A5D3982C8A1F06F47696D6 /* Pods_FastGuessUITests.framework */ = {isa = PBXFileReference; explicitFileType = wrapper.framework; includeInIndex = 0; path = Pods_FastGuessUITests.framework; sourceTree = BUILT_PRODUCTS_DIR; };
		641B957B683C7FF66653555F /* Pods-FastGuess.release.xcconfig */ = {isa = PBXFileReference; includeInIndex = 1; lastKnownFileType = text.xcconfig; name = "Pods-FastGuess.release.xcconfig"; path = "Pods/Target Support Files/Pods-FastGuess/Pods-FastGuess.release.xcconfig"; sourceTree = "<group>"; };
		6A6B69EDDBF61D30E2E0F28D /* Pods.framework */ = {isa = PBXFileReference; explicitFileType = wrapper.framework; includeInIndex = 0; path = Pods.framework; sourceTree = BUILT_PRODUCTS_DIR; };
		9E331C5578351FCEEE4FEC2C /* Pods-FastGuess.debug.xcconfig */ = {isa = PBXFileReference; includeInIndex = 1; lastKnownFileType = text.xcconfig; name = "Pods-FastGuess.debug.xcconfig"; path = "Pods/Target Support Files/Pods-FastGuess/Pods-FastGuess.debug.xcconfig"; sourceTree = "<group>"; };
		B8822ABD1BD3B64E0088A114 /* FastGuess.app */ = {isa = PBXFileReference; explicitFileType = wrapper.application; includeInIndex = 0; path = FastGuess.app; sourceTree = BUILT_PRODUCTS_DIR; };
		B8822AC01BD3B64E0088A114 /* AppDelegate.swift */ = {isa = PBXFileReference; lastKnownFileType = sourcecode.swift; path = AppDelegate.swift; sourceTree = "<group>"; };
		B8822AC51BD3B64E0088A114 /* Base */ = {isa = PBXFileReference; lastKnownFileType = file.storyboard; name = Base; path = Base.lproj/Main.storyboard; sourceTree = "<group>"; };
		B8822AC71BD3B64E0088A114 /* Assets.xcassets */ = {isa = PBXFileReference; lastKnownFileType = folder.assetcatalog; path = Assets.xcassets; sourceTree = "<group>"; };
		B8822ACA1BD3B64E0088A114 /* Base */ = {isa = PBXFileReference; lastKnownFileType = file.storyboard; name = Base; path = Base.lproj/LaunchScreen.storyboard; sourceTree = "<group>"; };
		B8822ACC1BD3B64E0088A114 /* Info.plist */ = {isa = PBXFileReference; lastKnownFileType = text.plist.xml; path = Info.plist; sourceTree = "<group>"; };
		B8822AD11BD3B64E0088A114 /* FastGuessTests.xctest */ = {isa = PBXFileReference; explicitFileType = wrapper.cfbundle; includeInIndex = 0; path = FastGuessTests.xctest; sourceTree = BUILT_PRODUCTS_DIR; };
		B8822AD51BD3B64E0088A114 /* FastGuessTests.swift */ = {isa = PBXFileReference; lastKnownFileType = sourcecode.swift; path = FastGuessTests.swift; sourceTree = "<group>"; };
		B8822AD71BD3B64E0088A114 /* Info.plist */ = {isa = PBXFileReference; lastKnownFileType = text.plist.xml; path = Info.plist; sourceTree = "<group>"; };
		B8822ADC1BD3B64E0088A114 /* FastGuessUITests.xctest */ = {isa = PBXFileReference; explicitFileType = wrapper.cfbundle; includeInIndex = 0; path = FastGuessUITests.xctest; sourceTree = BUILT_PRODUCTS_DIR; };
		B8822AE01BD3B64E0088A114 /* FastGuessUITests.swift */ = {isa = PBXFileReference; lastKnownFileType = sourcecode.swift; path = FastGuessUITests.swift; sourceTree = "<group>"; };
		B8822AE21BD3B64E0088A114 /* Info.plist */ = {isa = PBXFileReference; lastKnownFileType = text.plist.xml; path = Info.plist; sourceTree = "<group>"; };
		B88CD2241BDFD85D00B01831 /* BaseNavigationController.swift */ = {isa = PBXFileReference; fileEncoding = 4; lastKnownFileType = sourcecode.swift; path = BaseNavigationController.swift; sourceTree = "<group>"; };
		B88CD2291BDFD85D00B01831 /* HomeViewController.swift */ = {isa = PBXFileReference; fileEncoding = 4; lastKnownFileType = sourcecode.swift; path = HomeViewController.swift; sourceTree = "<group>"; };
		B88CD22A1BDFD85D00B01831 /* MainViewController.swift */ = {isa = PBXFileReference; fileEncoding = 4; lastKnownFileType = sourcecode.swift; path = MainViewController.swift; sourceTree = "<group>"; };
		B88CD22B1BDFD85D00B01831 /* UserInfoManager.swift */ = {isa = PBXFileReference; fileEncoding = 4; lastKnownFileType = sourcecode.swift; path = UserInfoManager.swift; sourceTree = "<group>"; };
		B88CD2341BDFD8D100B01831 /* BaseViewController.swift */ = {isa = PBXFileReference; fileEncoding = 4; lastKnownFileType = sourcecode.swift; path = BaseViewController.swift; sourceTree = "<group>"; };
		B8ABB32A1BDA9EE500393D8F /* Common.swift */ = {isa = PBXFileReference; fileEncoding = 4; lastKnownFileType = sourcecode.swift; path = Common.swift; sourceTree = "<group>"; };
		B8B524EA1BFCBE5100EA824D /* CircleScrollView.swift */ = {isa = PBXFileReference; fileEncoding = 4; lastKnownFileType = sourcecode.swift; path = CircleScrollView.swift; sourceTree = "<group>"; };
		B8B524EC1BFCCBC600EA824D /* HomeTableView.swift */ = {isa = PBXFileReference; fileEncoding = 4; lastKnownFileType = sourcecode.swift; path = HomeTableView.swift; sourceTree = "<group>"; };
		B8B524EE1BFCD94400EA824D /* HomeCell.swift */ = {isa = PBXFileReference; fileEncoding = 4; lastKnownFileType = sourcecode.swift; path = HomeCell.swift; sourceTree = "<group>"; };
		C2EBE3CDCA3AEAB47B9476F1 /* Pods-FastGuessTests.release.xcconfig */ = {isa = PBXFileReference; includeInIndex = 1; lastKnownFileType = text.xcconfig; name = "Pods-FastGuessTests.release.xcconfig"; path = "Pods/Target Support Files/Pods-FastGuessTests/Pods-FastGuessTests.release.xcconfig"; sourceTree = "<group>"; };
		CA66E4762973F3206F05585D /* Pods-FastGuessUITests.debug.xcconfig */ = {isa = PBXFileReference; includeInIndex = 1; lastKnownFileType = text.xcconfig; name = "Pods-FastGuessUITests.debug.xcconfig"; path = "Pods/Target Support Files/Pods-FastGuessUITests/Pods-FastGuessUITests.debug.xcconfig"; sourceTree = "<group>"; };
		DBEEA32453C55565DFDD4EC0 /* Pods-FastGuessUITests.release.xcconfig */ = {isa = PBXFileReference; includeInIndex = 1; lastKnownFileType = text.xcconfig; name = "Pods-FastGuessUITests.release.xcconfig"; path = "Pods/Target Support Files/Pods-FastGuessUITests/Pods-FastGuessUITests.release.xcconfig"; sourceTree = "<group>"; };
		E3AADA92635F9DD9F4F3D8DB /* Pods-FastGuessTests.debug.xcconfig */ = {isa = PBXFileReference; includeInIndex = 1; lastKnownFileType = text.xcconfig; name = "Pods-FastGuessTests.debug.xcconfig"; path = "Pods/Target Support Files/Pods-FastGuessTests/Pods-FastGuessTests.debug.xcconfig"; sourceTree = "<group>"; };
		ECD97EB07E25F8CED44F70AF /* Pods_FastGuess.framework */ = {isa = PBXFileReference; explicitFileType = wrapper.framework; includeInIndex = 0; path = Pods_FastGuess.framework; sourceTree = BUILT_PRODUCTS_DIR; };
/* End PBXFileReference section */

/* Begin PBXFrameworksBuildPhase section */
		B8822ABA1BD3B64E0088A114 /* Frameworks */ = {
			isa = PBXFrameworksBuildPhase;
			buildActionMask = 2147483647;
			files = (
				258EAB18BAD3A628FBB95C88 /* Pods_FastGuess.framework in Frameworks */,
			);
			runOnlyForDeploymentPostprocessing = 0;
		};
		B8822ACE1BD3B64E0088A114 /* Frameworks */ = {
			isa = PBXFrameworksBuildPhase;
			buildActionMask = 2147483647;
			files = (
				F6C58D36879E10B075567110 /* Pods_FastGuessTests.framework in Frameworks */,
			);
			runOnlyForDeploymentPostprocessing = 0;
		};
		B8822AD91BD3B64E0088A114 /* Frameworks */ = {
			isa = PBXFrameworksBuildPhase;
			buildActionMask = 2147483647;
			files = (
				6E09C1B79338C2C3EC501CE9 /* Pods_FastGuessUITests.framework in Frameworks */,
			);
			runOnlyForDeploymentPostprocessing = 0;
		};
/* End PBXFrameworksBuildPhase section */

/* Begin PBXGroup section */
		08DBA791F39EF1864D4F31E1 /* Frameworks */ = {
			isa = PBXGroup;
			children = (
				6A6B69EDDBF61D30E2E0F28D /* Pods.framework */,
				ECD97EB07E25F8CED44F70AF /* Pods_FastGuess.framework */,
				00B2A1E0C7330B0BBD2864A0 /* Pods_FastGuessTests.framework */,
				44A5D3982C8A1F06F47696D6 /* Pods_FastGuessUITests.framework */,
			);
			name = Frameworks;
			sourceTree = "<group>";
		};
		B8822AB41BD3B64E0088A114 = {
			isa = PBXGroup;
			children = (
				B8822ABF1BD3B64E0088A114 /* FastGuess */,
				B8822AD41BD3B64E0088A114 /* FastGuessTests */,
				B8822ADF1BD3B64E0088A114 /* FastGuessUITests */,
				B8822ABE1BD3B64E0088A114 /* Products */,
				08DBA791F39EF1864D4F31E1 /* Frameworks */,
				FC97C45C509D6BF00743DEAC /* Pods */,
			);
			sourceTree = "<group>";
		};
		B8822ABE1BD3B64E0088A114 /* Products */ = {
			isa = PBXGroup;
			children = (
				B8822ABD1BD3B64E0088A114 /* FastGuess.app */,
				B8822AD11BD3B64E0088A114 /* FastGuessTests.xctest */,
				B8822ADC1BD3B64E0088A114 /* FastGuessUITests.xctest */,
			);
			name = Products;
			sourceTree = "<group>";
		};
		B8822ABF1BD3B64E0088A114 /* FastGuess */ = {
			isa = PBXGroup;
			children = (
				B8822AC01BD3B64E0088A114 /* AppDelegate.swift */,
				B8822AC41BD3B64E0088A114 /* Main.storyboard */,
				B8822AC91BD3B64E0088A114 /* LaunchScreen.storyboard */,
				B88CD2221BDFD85D00B01831 /* Base */,
				B88CD2271BDFD85D00B01831 /* Main */,
				B88CD2331BDFD87A00B01831 /* Supporting Files */,
				B8ABB32A1BDA9EE500393D8F /* Common.swift */,
			);
			path = FastGuess;
			sourceTree = "<group>";
		};
		B8822AD41BD3B64E0088A114 /* FastGuessTests */ = {
			isa = PBXGroup;
			children = (
				B8822AD51BD3B64E0088A114 /* FastGuessTests.swift */,
				B8822AD71BD3B64E0088A114 /* Info.plist */,
			);
			path = FastGuessTests;
			sourceTree = "<group>";
		};
		B8822ADF1BD3B64E0088A114 /* FastGuessUITests */ = {
			isa = PBXGroup;
			children = (
				B8822AE01BD3B64E0088A114 /* FastGuessUITests.swift */,
				B8822AE21BD3B64E0088A114 /* Info.plist */,
			);
			path = FastGuessUITests;
			sourceTree = "<group>";
		};
		B88CD2221BDFD85D00B01831 /* Base */ = {
			isa = PBXGroup;
			children = (
				B88CD2231BDFD85D00B01831 /* C */,
				B88CD2251BDFD85D00B01831 /* M */,
				B88CD2261BDFD85D00B01831 /* V */,
			);
			path = Base;
			sourceTree = "<group>";
		};
		B88CD2231BDFD85D00B01831 /* C */ = {
			isa = PBXGroup;
			children = (
				B88CD2241BDFD85D00B01831 /* BaseNavigationController.swift */,
				B88CD2341BDFD8D100B01831 /* BaseViewController.swift */,
			);
			path = C;
			sourceTree = "<group>";
		};
		B88CD2251BDFD85D00B01831 /* M */ = {
			isa = PBXGroup;
			children = (
			);
			path = M;
			sourceTree = "<group>";
		};
		B88CD2261BDFD85D00B01831 /* V */ = {
			isa = PBXGroup;
			children = (
			);
			path = V;
			sourceTree = "<group>";
		};
		B88CD2271BDFD85D00B01831 /* Main */ = {
			isa = PBXGroup;
			children = (
				B88CD2281BDFD85D00B01831 /* C */,
				B88CD22C1BDFD85D00B01831 /* M */,
				B88CD22D1BDFD85D00B01831 /* V */,
			);
			path = Main;
			sourceTree = "<group>";
		};
		B88CD2281BDFD85D00B01831 /* C */ = {
			isa = PBXGroup;
			children = (
				B88CD2291BDFD85D00B01831 /* HomeViewController.swift */,
				B88CD22A1BDFD85D00B01831 /* MainViewController.swift */,
				B88CD22B1BDFD85D00B01831 /* UserInfoManager.swift */,
			);
			path = C;
			sourceTree = "<group>";
		};
		B88CD22C1BDFD85D00B01831 /* M */ = {
			isa = PBXGroup;
			children = (
			);
			path = M;
			sourceTree = "<group>";
		};
		B88CD22D1BDFD85D00B01831 /* V */ = {
			isa = PBXGroup;
			children = (
				B8B524EA1BFCBE5100EA824D /* CircleScrollView.swift */,
				B8B524EC1BFCCBC600EA824D /* HomeTableView.swift */,
				B8B524EE1BFCD94400EA824D /* HomeCell.swift */,
			);
			path = V;
			sourceTree = "<group>";
		};
		B88CD2331BDFD87A00B01831 /* Supporting Files */ = {
			isa = PBXGroup;
			children = (
				B8822ACC1BD3B64E0088A114 /* Info.plist */,
				B8822AC71BD3B64E0088A114 /* Assets.xcassets */,
			);
			name = "Supporting Files";
			sourceTree = "<group>";
		};
		FC97C45C509D6BF00743DEAC /* Pods */ = {
			isa = PBXGroup;
			children = (
				9E331C5578351FCEEE4FEC2C /* Pods-FastGuess.debug.xcconfig */,
				641B957B683C7FF66653555F /* Pods-FastGuess.release.xcconfig */,
				E3AADA92635F9DD9F4F3D8DB /* Pods-FastGuessTests.debug.xcconfig */,
				C2EBE3CDCA3AEAB47B9476F1 /* Pods-FastGuessTests.release.xcconfig */,
				CA66E4762973F3206F05585D /* Pods-FastGuessUITests.debug.xcconfig */,
				DBEEA32453C55565DFDD4EC0 /* Pods-FastGuessUITests.release.xcconfig */,
			);
			name = Pods;
			sourceTree = "<group>";
		};
/* End PBXGroup section */

/* Begin PBXNativeTarget section */
		B8822ABC1BD3B64E0088A114 /* FastGuess */ = {
			isa = PBXNativeTarget;
			buildConfigurationList = B8822AE51BD3B64E0088A114 /* Build configuration list for PBXNativeTarget "FastGuess" */;
			buildPhases = (
				3EDAE1AB43A0CBE4956866D4 /* [CP] Check Pods Manifest.lock */,
				B8822AB91BD3B64E0088A114 /* Sources */,
				B8822ABA1BD3B64E0088A114 /* Frameworks */,
				B8822ABB1BD3B64E0088A114 /* Resources */,
				7D594CF05637869D4DA86B06 /* [CP] Embed Pods Frameworks */,
				928815FEA001B39434F80C6B /* [CP] Copy Pods Resources */,
			);
			buildRules = (
			);
			dependencies = (
			);
			name = FastGuess;
			productName = FastGuess;
			productReference = B8822ABD1BD3B64E0088A114 /* FastGuess.app */;
			productType = "com.apple.product-type.application";
		};
		B8822AD01BD3B64E0088A114 /* FastGuessTests */ = {
			isa = PBXNativeTarget;
			buildConfigurationList = B8822AE81BD3B64E0088A114 /* Build configuration list for PBXNativeTarget "FastGuessTests" */;
			buildPhases = (
				864C1170E66849E8D8F9D527 /* [CP] Check Pods Manifest.lock */,
				B8822ACD1BD3B64E0088A114 /* Sources */,
				B8822ACE1BD3B64E0088A114 /* Frameworks */,
				B8822ACF1BD3B64E0088A114 /* Resources */,
				B8EA6176C25D74B567123504 /* [CP] Embed Pods Frameworks */,
				C5B19E5D21360A7D036DE46E /* [CP] Copy Pods Resources */,
			);
			buildRules = (
			);
			dependencies = (
				B8822AD31BD3B64E0088A114 /* PBXTargetDependency */,
			);
			name = FastGuessTests;
			productName = FastGuessTests;
			productReference = B8822AD11BD3B64E0088A114 /* FastGuessTests.xctest */;
			productType = "com.apple.product-type.bundle.unit-test";
		};
		B8822ADB1BD3B64E0088A114 /* FastGuessUITests */ = {
			isa = PBXNativeTarget;
			buildConfigurationList = B8822AEB1BD3B64E0088A114 /* Build configuration list for PBXNativeTarget "FastGuessUITests" */;
			buildPhases = (
				FDA79746A04A8ED01A439958 /* [CP] Check Pods Manifest.lock */,
				B8822AD81BD3B64E0088A114 /* Sources */,
				B8822AD91BD3B64E0088A114 /* Frameworks */,
				B8822ADA1BD3B64E0088A114 /* Resources */,
				285A3D5D2C9B778EFAEE4935 /* [CP] Embed Pods Frameworks */,
				47C142928F9F1A22ED3CCC73 /* [CP] Copy Pods Resources */,
			);
			buildRules = (
			);
			dependencies = (
				B8822ADE1BD3B64E0088A114 /* PBXTargetDependency */,
			);
			name = FastGuessUITests;
			productName = FastGuessUITests;
			productReference = B8822ADC1BD3B64E0088A114 /* FastGuessUITests.xctest */;
			productType = "com.apple.product-type.bundle.ui-testing";
		};
/* End PBXNativeTarget section */

/* Begin PBXProject section */
		B8822AB51BD3B64E0088A114 /* Project object */ = {
			isa = PBXProject;
			attributes = {
				LastUpgradeCheck = 0700;
				ORGANIZATIONNAME = FAL;
				TargetAttributes = {
					B8822ABC1BD3B64E0088A114 = {
						CreatedOnToolsVersion = 7.0.1;
						ProvisioningStyle = Manual;
					};
					B8822AD01BD3B64E0088A114 = {
						CreatedOnToolsVersion = 7.0.1;
						TestTargetID = B8822ABC1BD3B64E0088A114;
					};
					B8822ADB1BD3B64E0088A114 = {
						CreatedOnToolsVersion = 7.0.1;
						TestTargetID = B8822ABC1BD3B64E0088A114;
					};
				};
			};
			buildConfigurationList = B8822AB81BD3B64E0088A114 /* Build configuration list for PBXProject "FastGuess" */;
			compatibilityVersion = "Xcode 3.2";
			developmentRegion = English;
			hasScannedForEncodings = 0;
			knownRegions = (
				en,
				Base,
			);
			mainGroup = B8822AB41BD3B64E0088A114;
			productRefGroup = B8822ABE1BD3B64E0088A114 /* Products */;
			projectDirPath = "";
			projectRoot = "";
			targets = (
				B8822ABC1BD3B64E0088A114 /* FastGuess */,
				B8822AD01BD3B64E0088A114 /* FastGuessTests */,
				B8822ADB1BD3B64E0088A114 /* FastGuessUITests */,
			);
		};
/* End PBXProject section */

/* Begin PBXResourcesBuildPhase section */
		B8822ABB1BD3B64E0088A114 /* Resources */ = {
			isa = PBXResourcesBuildPhase;
			buildActionMask = 2147483647;
			files = (
				B8822ACB1BD3B64E0088A114 /* LaunchScreen.storyboard in Resources */,
				B8822AC81BD3B64E0088A114 /* Assets.xcassets in Resources */,
				B8822AC61BD3B64E0088A114 /* Main.storyboard in Resources */,
			);
			runOnlyForDeploymentPostprocessing = 0;
		};
		B8822ACF1BD3B64E0088A114 /* Resources */ = {
			isa = PBXResourcesBuildPhase;
			buildActionMask = 2147483647;
			files = (
			);
			runOnlyForDeploymentPostprocessing = 0;
		};
		B8822ADA1BD3B64E0088A114 /* Resources */ = {
			isa = PBXResourcesBuildPhase;
			buildActionMask = 2147483647;
			files = (
			);
			runOnlyForDeploymentPostprocessing = 0;
		};
/* End PBXResourcesBuildPhase section */

/* Begin PBXShellScriptBuildPhase section */
		285A3D5D2C9B778EFAEE4935 /* [CP] Embed Pods Frameworks */ = {
			isa = PBXShellScriptBuildPhase;
			buildActionMask = 2147483647;
			files = (
			);
			inputPaths = (
				"${SRCROOT}/Pods/Target Support Files/Pods-FastGuessUITests/Pods-FastGuessUITests-frameworks.sh",
				"${BUILT_PRODUCTS_DIR}/Alamofire/Alamofire.framework",
				"${BUILT_PRODUCTS_DIR}/MBProgressHUD/MBProgressHUD.framework",
				"${BUILT_PRODUCTS_DIR}/SnapKit/SnapKit.framework",
			);
			name = "[CP] Embed Pods Frameworks";
			outputPaths = (
				"${TARGET_BUILD_DIR}/${FRAMEWORKS_FOLDER_PATH}/Alamofire.framework",
				"${TARGET_BUILD_DIR}/${FRAMEWORKS_FOLDER_PATH}/MBProgressHUD.framework",
				"${TARGET_BUILD_DIR}/${FRAMEWORKS_FOLDER_PATH}/SnapKit.framework",
			);
			runOnlyForDeploymentPostprocessing = 0;
			shellPath = /bin/sh;
			shellScript = "\"${SRCROOT}/Pods/Target Support Files/Pods-FastGuessUITests/Pods-FastGuessUITests-frameworks.sh\"\n";
			showEnvVarsInLog = 0;
		};
		3EDAE1AB43A0CBE4956866D4 /* [CP] Check Pods Manifest.lock */ = {
			isa = PBXShellScriptBuildPhase;
			buildActionMask = 2147483647;
			files = (
			);
			inputPaths = (
				"${PODS_PODFILE_DIR_PATH}/Podfile.lock",
				"${PODS_ROOT}/Manifest.lock",
			);
			name = "[CP] Check Pods Manifest.lock";
			outputPaths = (
				"$(DERIVED_FILE_DIR)/Pods-FastGuess-checkManifestLockResult.txt",
			);
			runOnlyForDeploymentPostprocessing = 0;
			shellPath = /bin/sh;
			shellScript = "diff \"${PODS_PODFILE_DIR_PATH}/Podfile.lock\" \"${PODS_ROOT}/Manifest.lock\" > /dev/null\nif [ $? != 0 ] ; then\n    # print error to STDERR\n    echo \"error: The sandbox is not in sync with the Podfile.lock. Run 'pod install' or update your CocoaPods installation.\" >&2\n    exit 1\nfi\n# This output is used by Xcode 'outputs' to avoid re-running this script phase.\necho \"SUCCESS\" > \"${SCRIPT_OUTPUT_FILE_0}\"\n";
			showEnvVarsInLog = 0;
		};
		47C142928F9F1A22ED3CCC73 /* [CP] Copy Pods Resources */ = {
			isa = PBXShellScriptBuildPhase;
			buildActionMask = 2147483647;
			files = (
			);
			inputPaths = (
			);
			name = "[CP] Copy Pods Resources";
			outputPaths = (
			);
			runOnlyForDeploymentPostprocessing = 0;
			shellPath = /bin/sh;
			shellScript = "\"${SRCROOT}/Pods/Target Support Files/Pods-FastGuessUITests/Pods-FastGuessUITests-resources.sh\"\n";
			showEnvVarsInLog = 0;
		};
		7D594CF05637869D4DA86B06 /* [CP] Embed Pods Frameworks */ = {
			isa = PBXShellScriptBuildPhase;
			buildActionMask = 2147483647;
			files = (
			);
			inputPaths = (
				"${SRCROOT}/Pods/Target Support Files/Pods-FastGuess/Pods-FastGuess-frameworks.sh",
				"${BUILT_PRODUCTS_DIR}/Alamofire/Alamofire.framework",
				"${BUILT_PRODUCTS_DIR}/MBProgressHUD/MBProgressHUD.framework",
				"${BUILT_PRODUCTS_DIR}/SnapKit/SnapKit.framework",
			);
			name = "[CP] Embed Pods Frameworks";
			outputPaths = (
				"${TARGET_BUILD_DIR}/${FRAMEWORKS_FOLDER_PATH}/Alamofire.framework",
				"${TARGET_BUILD_DIR}/${FRAMEWORKS_FOLDER_PATH}/MBProgressHUD.framework",
				"${TARGET_BUILD_DIR}/${FRAMEWORKS_FOLDER_PATH}/SnapKit.framework",
			);
			runOnlyForDeploymentPostprocessing = 0;
			shellPath = /bin/sh;
			shellScript = "\"${SRCROOT}/Pods/Target Support Files/Pods-FastGuess/Pods-FastGuess-frameworks.sh\"\n";
			showEnvVarsInLog = 0;
		};
		864C1170E66849E8D8F9D527 /* [CP] Check Pods Manifest.lock */ = {
			isa = PBXShellScriptBuildPhase;
			buildActionMask = 2147483647;
			files = (
			);
			inputPaths = (
				"${PODS_PODFILE_DIR_PATH}/Podfile.lock",
				"${PODS_ROOT}/Manifest.lock",
			);
			name = "[CP] Check Pods Manifest.lock";
			outputPaths = (
				"$(DERIVED_FILE_DIR)/Pods-FastGuessTests-checkManifestLockResult.txt",
			);
			runOnlyForDeploymentPostprocessing = 0;
			shellPath = /bin/sh;
			shellScript = "diff \"${PODS_PODFILE_DIR_PATH}/Podfile.lock\" \"${PODS_ROOT}/Manifest.lock\" > /dev/null\nif [ $? != 0 ] ; then\n    # print error to STDERR\n    echo \"error: The sandbox is not in sync with the Podfile.lock. Run 'pod install' or update your CocoaPods installation.\" >&2\n    exit 1\nfi\n# This output is used by Xcode 'outputs' to avoid re-running this script phase.\necho \"SUCCESS\" > \"${SCRIPT_OUTPUT_FILE_0}\"\n";
			showEnvVarsInLog = 0;
		};
		928815FEA001B39434F80C6B /* [CP] Copy Pods Resources */ = {
			isa = PBXShellScriptBuildPhase;
			buildActionMask = 2147483647;
			files = (
			);
			inputPaths = (
			);
			name = "[CP] Copy Pods Resources";
			outputPaths = (
			);
			runOnlyForDeploymentPostprocessing = 0;
			shellPath = /bin/sh;
			shellScript = "\"${SRCROOT}/Pods/Target Support Files/Pods-FastGuess/Pods-FastGuess-resources.sh\"\n";
			showEnvVarsInLog = 0;
		};
		B8EA6176C25D74B567123504 /* [CP] Embed Pods Frameworks */ = {
			isa = PBXShellScriptBuildPhase;
			buildActionMask = 2147483647;
			files = (
			);
			inputPaths = (
				"${SRCROOT}/Pods/Target Support Files/Pods-FastGuessTests/Pods-FastGuessTests-frameworks.sh",
				"${BUILT_PRODUCTS_DIR}/Alamofire/Alamofire.framework",
				"${BUILT_PRODUCTS_DIR}/MBProgressHUD/MBProgressHUD.framework",
				"${BUILT_PRODUCTS_DIR}/SnapKit/SnapKit.framework",
			);
			name = "[CP] Embed Pods Frameworks";
			outputPaths = (
				"${TARGET_BUILD_DIR}/${FRAMEWORKS_FOLDER_PATH}/Alamofire.framework",
				"${TARGET_BUILD_DIR}/${FRAMEWORKS_FOLDER_PATH}/MBProgressHUD.framework",
				"${TARGET_BUILD_DIR}/${FRAMEWORKS_FOLDER_PATH}/SnapKit.framework",
			);
			runOnlyForDeploymentPostprocessing = 0;
			shellPath = /bin/sh;
			shellScript = "\"${SRCROOT}/Pods/Target Support Files/Pods-FastGuessTests/Pods-FastGuessTests-frameworks.sh\"\n";
			showEnvVarsInLog = 0;
		};
		C5B19E5D21360A7D036DE46E /* [CP] Copy Pods Resources */ = {
			isa = PBXShellScriptBuildPhase;
			buildActionMask = 2147483647;
			files = (
			);
			inputPaths = (
			);
			name = "[CP] Copy Pods Resources";
			outputPaths = (
			);
			runOnlyForDeploymentPostprocessing = 0;
			shellPath = /bin/sh;
			shellScript = "\"${SRCROOT}/Pods/Target Support Files/Pods-FastGuessTests/Pods-FastGuessTests-resources.sh\"\n";
			showEnvVarsInLog = 0;
		};
		FDA79746A04A8ED01A439958 /* [CP] Check Pods Manifest.lock */ = {
			isa = PBXShellScriptBuildPhase;
			buildActionMask = 2147483647;
			files = (
			);
			inputPaths = (
				"${PODS_PODFILE_DIR_PATH}/Podfile.lock",
				"${PODS_ROOT}/Manifest.lock",
			);
			name = "[CP] Check Pods Manifest.lock";
			outputPaths = (
				"$(DERIVED_FILE_DIR)/Pods-FastGuessUITests-checkManifestLockResult.txt",
			);
			runOnlyForDeploymentPostprocessing = 0;
			shellPath = /bin/sh;
			shellScript = "diff \"${PODS_PODFILE_DIR_PATH}/Podfile.lock\" \"${PODS_ROOT}/Manifest.lock\" > /dev/null\nif [ $? != 0 ] ; then\n    # print error to STDERR\n    echo \"error: The sandbox is not in sync with the Podfile.lock. Run 'pod install' or update your CocoaPods installation.\" >&2\n    exit 1\nfi\n# This output is used by Xcode 'outputs' to avoid re-running this script phase.\necho \"SUCCESS\" > \"${SCRIPT_OUTPUT_FILE_0}\"\n";
			showEnvVarsInLog = 0;
		};
/* End PBXShellScriptBuildPhase section */

/* Begin PBXSourcesBuildPhase section */
		B8822AB91BD3B64E0088A114 /* Sources */ = {
			isa = PBXSourcesBuildPhase;
			buildActionMask = 2147483647;
			files = (
				B8B524ED1BFCCBC600EA824D /* HomeTableView.swift in Sources */,
				B8822AC11BD3B64E0088A114 /* AppDelegate.swift in Sources */,
				B8ABB32B1BDA9EE500393D8F /* Common.swift in Sources */,
				B88CD2311BDFD85D00B01831 /* UserInfoManager.swift in Sources */,
				B8B524EF1BFCD94400EA824D /* HomeCell.swift in Sources */,
				B88CD22E1BDFD85D00B01831 /* BaseNavigationController.swift in Sources */,
				B88CD22F1BDFD85D00B01831 /* HomeViewController.swift in Sources */,
				B8B524EB1BFCBE5100EA824D /* CircleScrollView.swift in Sources */,
				B88CD2351BDFD8D100B01831 /* BaseViewController.swift in Sources */,
				B88CD2301BDFD85D00B01831 /* MainViewController.swift in Sources */,
			);
			runOnlyForDeploymentPostprocessing = 0;
		};
		B8822ACD1BD3B64E0088A114 /* Sources */ = {
			isa = PBXSourcesBuildPhase;
			buildActionMask = 2147483647;
			files = (
				B8822AD61BD3B64E0088A114 /* FastGuessTests.swift in Sources */,
			);
			runOnlyForDeploymentPostprocessing = 0;
		};
		B8822AD81BD3B64E0088A114 /* Sources */ = {
			isa = PBXSourcesBuildPhase;
			buildActionMask = 2147483647;
			files = (
				B8822AE11BD3B64E0088A114 /* FastGuessUITests.swift in Sources */,
			);
			runOnlyForDeploymentPostprocessing = 0;
		};
/* End PBXSourcesBuildPhase section */

/* Begin PBXTargetDependency section */
		B8822AD31BD3B64E0088A114 /* PBXTargetDependency */ = {
			isa = PBXTargetDependency;
			target = B8822ABC1BD3B64E0088A114 /* FastGuess */;
			targetProxy = B8822AD21BD3B64E0088A114 /* PBXContainerItemProxy */;
		};
		B8822ADE1BD3B64E0088A114 /* PBXTargetDependency */ = {
			isa = PBXTargetDependency;
			target = B8822ABC1BD3B64E0088A114 /* FastGuess */;
			targetProxy = B8822ADD1BD3B64E0088A114 /* PBXContainerItemProxy */;
		};
/* End PBXTargetDependency section */

/* Begin PBXVariantGroup section */
		B8822AC41BD3B64E0088A114 /* Main.storyboard */ = {
			isa = PBXVariantGroup;
			children = (
				B8822AC51BD3B64E0088A114 /* Base */,
			);
			name = Main.storyboard;
			sourceTree = "<group>";
		};
		B8822AC91BD3B64E0088A114 /* LaunchScreen.storyboard */ = {
			isa = PBXVariantGroup;
			children = (
				B8822ACA1BD3B64E0088A114 /* Base */,
			);
			name = LaunchScreen.storyboard;
			sourceTree = "<group>";
		};
/* End PBXVariantGroup section */

/* Begin XCBuildConfiguration section */
		B8822AE31BD3B64E0088A114 /* Debug */ = {
			isa = XCBuildConfiguration;
			buildSettings = {
				ALWAYS_SEARCH_USER_PATHS = NO;
				CLANG_CXX_LANGUAGE_STANDARD = "gnu++0x";
				CLANG_CXX_LIBRARY = "libc++";
				CLANG_ENABLE_MODULES = YES;
				CLANG_ENABLE_OBJC_ARC = YES;
				CLANG_WARN_BOOL_CONVERSION = YES;
				CLANG_WARN_CONSTANT_CONVERSION = YES;
				CLANG_WARN_DIRECT_OBJC_ISA_USAGE = YES_ERROR;
				CLANG_WARN_EMPTY_BODY = YES;
				CLANG_WARN_ENUM_CONVERSION = YES;
				CLANG_WARN_INT_CONVERSION = YES;
				CLANG_WARN_OBJC_ROOT_CLASS = YES_ERROR;
				CLANG_WARN_UNREACHABLE_CODE = YES;
				CLANG_WARN__DUPLICATE_METHOD_MATCH = YES;
				"CODE_SIGN_IDENTITY[sdk=iphoneos*]" = "iPhone Developer";
				COPY_PHASE_STRIP = NO;
				DEBUG_INFORMATION_FORMAT = dwarf;
				ENABLE_STRICT_OBJC_MSGSEND = YES;
				ENABLE_TESTABILITY = YES;
				GCC_C_LANGUAGE_STANDARD = gnu99;
				GCC_DYNAMIC_NO_PIC = NO;
				GCC_NO_COMMON_BLOCKS = YES;
				GCC_OPTIMIZATION_LEVEL = 0;
				GCC_PREPROCESSOR_DEFINITIONS = (
					"DEBUG=1",
					"$(inherited)",
				);
				GCC_WARN_64_TO_32_BIT_CONVERSION = YES;
				GCC_WARN_ABOUT_RETURN_TYPE = YES_ERROR;
				GCC_WARN_UNDECLARED_SELECTOR = YES;
				GCC_WARN_UNINITIALIZED_AUTOS = YES_AGGRESSIVE;
				GCC_WARN_UNUSED_FUNCTION = YES;
				GCC_WARN_UNUSED_VARIABLE = YES;
				IPHONEOS_DEPLOYMENT_TARGET = 9.0;
				MTL_ENABLE_DEBUG_INFO = YES;
				ONLY_ACTIVE_ARCH = YES;
				SDKROOT = iphoneos;
				SWIFT_OPTIMIZATION_LEVEL = "-Onone";
			};
			name = Debug;
		};
		B8822AE41BD3B64E0088A114 /* Release */ = {
			isa = XCBuildConfiguration;
			buildSettings = {
				ALWAYS_SEARCH_USER_PATHS = NO;
				CLANG_CXX_LANGUAGE_STANDARD = "gnu++0x";
				CLANG_CXX_LIBRARY = "libc++";
				CLANG_ENABLE_MODULES = YES;
				CLANG_ENABLE_OBJC_ARC = YES;
				CLANG_WARN_BOOL_CONVERSION = YES;
				CLANG_WARN_CONSTANT_CONVERSION = YES;
				CLANG_WARN_DIRECT_OBJC_ISA_USAGE = YES_ERROR;
				CLANG_WARN_EMPTY_BODY = YES;
				CLANG_WARN_ENUM_CONVERSION = YES;
				CLANG_WARN_INT_CONVERSION = YES;
				CLANG_WARN_OBJC_ROOT_CLASS = YES_ERROR;
				CLANG_WARN_UNREACHABLE_CODE = YES;
				CLANG_WARN__DUPLICATE_METHOD_MATCH = YES;
				"CODE_SIGN_IDENTITY[sdk=iphoneos*]" = "iPhone Developer";
				COPY_PHASE_STRIP = NO;
				DEBUG_INFORMATION_FORMAT = "dwarf-with-dsym";
				ENABLE_NS_ASSERTIONS = NO;
				ENABLE_STRICT_OBJC_MSGSEND = YES;
				GCC_C_LANGUAGE_STANDARD = gnu99;
				GCC_NO_COMMON_BLOCKS = YES;
				GCC_WARN_64_TO_32_BIT_CONVERSION = YES;
				GCC_WARN_ABOUT_RETURN_TYPE = YES_ERROR;
				GCC_WARN_UNDECLARED_SELECTOR = YES;
				GCC_WARN_UNINITIALIZED_AUTOS = YES_AGGRESSIVE;
				GCC_WARN_UNUSED_FUNCTION = YES;
				GCC_WARN_UNUSED_VARIABLE = YES;
				IPHONEOS_DEPLOYMENT_TARGET = 9.0;
				MTL_ENABLE_DEBUG_INFO = NO;
				SDKROOT = iphoneos;
				VALIDATE_PRODUCT = YES;
			};
			name = Release;
		};
		B8822AE61BD3B64E0088A114 /* Debug */ = {
			isa = XCBuildConfiguration;
			baseConfigurationReference = 9E331C5578351FCEEE4FEC2C /* Pods-FastGuess.debug.xcconfig */;
			buildSettings = {
				ASSETCATALOG_COMPILER_APPICON_NAME = AppIcon;
				CODE_SIGN_STYLE = Manual;
				DEVELOPMENT_TEAM = "";
				INFOPLIST_FILE = FastGuess/Info.plist;
				LD_RUNPATH_SEARCH_PATHS = "$(inherited) @executable_path/Frameworks";
				PRODUCT_BUNDLE_IDENTIFIER = "com.FAL-inc.FastGuess";
				PRODUCT_NAME = "$(TARGET_NAME)";
				PROVISIONING_PROFILE_SPECIFIER = "";
				SWIFT_VERSION = 4.0;
			};
			name = Debug;
		};
		B8822AE71BD3B64E0088A114 /* Release */ = {
			isa = XCBuildConfiguration;
			baseConfigurationReference = 641B957B683C7FF66653555F /* Pods-FastGuess.release.xcconfig */;
			buildSettings = {
				ASSETCATALOG_COMPILER_APPICON_NAME = AppIcon;
				CODE_SIGN_STYLE = Manual;
				DEVELOPMENT_TEAM = "";
				INFOPLIST_FILE = FastGuess/Info.plist;
				LD_RUNPATH_SEARCH_PATHS = "$(inherited) @executable_path/Frameworks";
				PRODUCT_BUNDLE_IDENTIFIER = "com.FAL-inc.FastGuess";
				PRODUCT_NAME = "$(TARGET_NAME)";
				PROVISIONING_PROFILE_SPECIFIER = "";
				SWIFT_VERSION = 4.0;
			};
			name = Release;
		};
		B8822AE91BD3B64E0088A114 /* Debug */ = {
			isa = XCBuildConfiguration;
			baseConfigurationReference = E3AADA92635F9DD9F4F3D8DB /* Pods-FastGuessTests.debug.xcconfig */;
			buildSettings = {
				BUNDLE_LOADER = "$(TEST_HOST)";
				INFOPLIST_FILE = FastGuessTests/Info.plist;
				LD_RUNPATH_SEARCH_PATHS = "$(inherited) @executable_path/Frameworks @loader_path/Frameworks";
				PRODUCT_BUNDLE_IDENTIFIER = "com.FAL-inc.FastGuessTests";
				PRODUCT_NAME = "$(TARGET_NAME)";
				SWIFT_VERSION = 4.0;
				TEST_HOST = "$(BUILT_PRODUCTS_DIR)/FastGuess.app/FastGuess";
			};
			name = Debug;
		};
		B8822AEA1BD3B64E0088A114 /* Release */ = {
			isa = XCBuildConfiguration;
			baseConfigurationReference = C2EBE3CDCA3AEAB47B9476F1 /* Pods-FastGuessTests.release.xcconfig */;
			buildSettings = {
				BUNDLE_LOADER = "$(TEST_HOST)";
				INFOPLIST_FILE = FastGuessTests/Info.plist;
				LD_RUNPATH_SEARCH_PATHS = "$(inherited) @executable_path/Frameworks @loader_path/Frameworks";
				PRODUCT_BUNDLE_IDENTIFIER = "com.FAL-inc.FastGuessTests";
				PRODUCT_NAME = "$(TARGET_NAME)";
				SWIFT_VERSION = 4.0;
				TEST_HOST = "$(BUILT_PRODUCTS_DIR)/FastGuess.app/FastGuess";
			};
			name = Release;
		};
		B8822AEC1BD3B64E0088A114 /* Debug */ = {
			isa = XCBuildConfiguration;
			baseConfigurationReference = CA66E4762973F3206F05585D /* Pods-FastGuessUITests.debug.xcconfig */;
			buildSettings = {
				INFOPLIST_FILE = FastGuessUITests/Info.plist;
				LD_RUNPATH_SEARCH_PATHS = "$(inherited) @executable_path/Frameworks @loader_path/Frameworks";
				PRODUCT_BUNDLE_IDENTIFIER = "com.FAL-inc.FastGuessUITests";
				PRODUCT_NAME = "$(TARGET_NAME)";
				SWIFT_VERSION = 4.0;
				TEST_TARGET_NAME = FastGuess;
				USES_XCTRUNNER = YES;
			};
			name = Debug;
		};
		B8822AED1BD3B64E0088A114 /* Release */ = {
			isa = XCBuildConfiguration;
			baseConfigurationReference = DBEEA32453C55565DFDD4EC0 /* Pods-FastGuessUITests.release.xcconfig */;
			buildSettings = {
				INFOPLIST_FILE = FastGuessUITests/Info.plist;
				LD_RUNPATH_SEARCH_PATHS = "$(inherited) @executable_path/Frameworks @loader_path/Frameworks";
				PRODUCT_BUNDLE_IDENTIFIER = "com.FAL-inc.FastGuessUITests";
				PRODUCT_NAME = "$(TARGET_NAME)";
				SWIFT_VERSION = 4.0;
				TEST_TARGET_NAME = FastGuess;
				USES_XCTRUNNER = YES;
			};
			name = Release;
		};
/* End XCBuildConfiguration section */

/* Begin XCConfigurationList section */
		B8822AB81BD3B64E0088A114 /* Build configuration list for PBXProject "FastGuess" */ = {
			isa = XCConfigurationList;
			buildConfigurations = (
				B8822AE31BD3B64E0088A114 /* Debug */,
				B8822AE41BD3B64E0088A114 /* Release */,
			);
			defaultConfigurationIsVisible = 0;
			defaultConfigurationName = Release;
		};
		B8822AE51BD3B64E0088A114 /* Build configuration list for PBXNativeTarget "FastGuess" */ = {
			isa = XCConfigurationList;
			buildConfigurations = (
				B8822AE61BD3B64E0088A114 /* Debug */,
				B8822AE71BD3B64E0088A114 /* Release */,
			);
			defaultConfigurationIsVisible = 0;
			defaultConfigurationName = Release;
		};
		B8822AE81BD3B64E0088A114 /* Build configuration list for PBXNativeTarget "FastGuessTests" */ = {
			isa = XCConfigurationList;
			buildConfigurations = (
				B8822AE91BD3B64E0088A114 /* Debug */,
				B8822AEA1BD3B64E0088A114 /* Release */,
			);
			defaultConfigurationIsVisible = 0;
			defaultConfigurationName = Release;
		};
		B8822AEB1BD3B64E0088A114 /* Build configuration list for PBXNativeTarget "FastGuessUITests" */ = {
			isa = XCConfigurationList;
			buildConfigurations = (
				B8822AEC1BD3B64E0088A114 /* Debug */,
				B8822AED1BD3B64E0088A114 /* Release */,
			);
			defaultConfigurationIsVisible = 0;
			defaultConfigurationName = Release;
		};
/* End XCConfigurationList section */
	};
	rootObject = B8822AB51BD3B64E0088A114 /* Project object */;
}
